
Microsoft Visual Studio Solution File, Format Version 12.00
# Visual Studio Version 17
VisualStudioVersion = 17.9.34622.214
MinimumVisualStudioVersion = 10.0.40219.1
Project("{FAE04EC0-301F-11D3-BF4B-00C04F79EFBC}") = "ASP_NET_Core_MVC_My_Tests", "ASP_NET_Core_MVC_My_Tests\ASP_NET_Core_MVC_My_Tests.csproj", "{D6C6C642-B46D-4ADE-9897-BD4BA7770E97}"
EndProject
Global
	GlobalSection(SolutionConfigurationPlatforms) = preSolution
		Debug|Any CPU = Debug|Any CPU
		Release|Any CPU = Release|Any CPU
	EndGlobalSection
	GlobalSection(ProjectConfigurationPlatforms) = postSolution
		{D6C6C642-B46D-4ADE-9897-BD4BA7770E97}.Debug|Any CPU.ActiveCfg = Debug|Any CPU
		{D6C6C642-B46D-4ADE-9897-BD4BA7770E97}.Debug|Any CPU.Build.0 = Debug|Any CPU
		{D6C6C642-B46D-4ADE-9897-BD4BA7770E97}.Release|Any CPU.ActiveCfg = Release|Any CPU
		{D6C6C642-B46D-4ADE-9897-BD4BA7770E97}.Release|Any CPU.Build.0 = Release|Any CPU
	EndGlobalSection
	GlobalSection(SolutionProperties) = preSolution
		HideSolutionNode = FALSE
	EndGlobalSection
	GlobalSection(ExtensibilityGlobals) = postSolution
		SolutionGuid = {819311E1-4575-4D5D-ACF7-CD3F0BD55018}
	EndGlobalSection
EndGlobal
